
Microsoft Visual Studio Solution File, Format Version 12.00
# Visual Studio 15
VisualStudioVersion = 15.0.28010.2048
MinimumVisualStudioVersion = 10.0.40219.1
Project("{8BC9CEB8-8B4A-11D0-8D11-00A0C91BC942}") = "单链表基本操作", "单链表基本操作\单链表基本操作.vcxproj", "{AC4E3CFF-FAB4-4C61-B426-53214C46E52B}"
EndProject
Global
	GlobalSection(SolutionConfigurationPlatforms) = preSolution
		Debug|x64 = Debug|x64
		Debug|x86 = Debug|x86
		Release|x64 = Release|x64
		Release|x86 = Release|x86
	EndGlobalSection
	GlobalSection(ProjectConfigurationPlatforms) = postSolution
		{AC4E3CFF-FAB4-4C61-B426-53214C46E52B}.Debug|x64.ActiveCfg = Debug|x64
		{AC4E3CFF-FAB4-4C61-B426-53214C46E52B}.Debug|x64.Build.0 = Debug|x64
		{AC4E3CFF-FAB4-4C61-B426-53214C46E52B}.Debug|x86.ActiveCfg = Debug|Win32
		{AC4E3CFF-FAB4-4C61-B426-53214C46E52B}.Debug|x86.Build.0 = Debug|Win32
		{AC4E3CFF-FAB4-4C61-B426-53214C46E52B}.Release|x64.ActiveCfg = Release|x64
		{AC4E3CFF-FAB4-4C61-B426-53214C46E52B}.Release|x64.Build.0 = Release|x64
		{AC4E3CFF-FAB4-4C61-B426-53214C46E52B}.Release|x86.ActiveCfg = Release|Win32
		{AC4E3CFF-FAB4-4C61-B426-53214C46E52B}.Release|x86.Build.0 = Release|Win32
	EndGlobalSection
	GlobalSection(SolutionProperties) = preSolution
		HideSolutionNode = FALSE
	EndGlobalSection
	GlobalSection(ExtensibilityGlobals) = postSolution
		SolutionGuid = {B45DD470-8ADB-4DFD-8023-AF91ECDAABD5}
	EndGlobalSection
EndGlobal
